
Microsoft Visual Studio Solution File, Format Version 12.00
# Visual Studio 15
VisualStudioVersion = 15.0.28307.1000
MinimumVisualStudioVersion = 10.0.40219.1
Project("{FAE04EC0-301F-11D3-BF4B-00C04F79EFBC}") = "CadastroDeUsuario", "CadastroDeUsuario\CadastroDeUsuario.csproj", "{DFECAA6D-849C-4E02-B7DF-E9C4DC716039}"
EndProject
Global
	GlobalSection(SolutionConfigurationPlatforms) = preSolution
		Debug|Any CPU = Debug|Any CPU
		Release|Any CPU = Release|Any CPU
	EndGlobalSection
	GlobalSection(ProjectConfigurationPlatforms) = postSolution
		{DFECAA6D-849C-4E02-B7DF-E9C4DC716039}.Debug|Any CPU.ActiveCfg = Debug|Any CPU
		{DFECAA6D-849C-4E02-B7DF-E9C4DC716039}.Debug|Any CPU.Build.0 = Debug|Any CPU
		{DFECAA6D-849C-4E02-B7DF-E9C4DC716039}.Release|Any CPU.ActiveCfg = Release|Any CPU
		{DFECAA6D-849C-4E02-B7DF-E9C4DC716039}.Release|Any CPU.Build.0 = Release|Any CPU
	EndGlobalSection
	GlobalSection(SolutionProperties) = preSolution
		HideSolutionNode = FALSE
	EndGlobalSection
	GlobalSection(ExtensibilityGlobals) = postSolution
		SolutionGuid = {BDC67236-FF58-4781-8A4E-7035D406D965}
	EndGlobalSection
EndGlobal
